PODS:
  - Mockingjay (3.0.0-alpha.1):
    - Mockingjay/Core (= 3.0.0-alpha.1)
    - Mockingjay/XCTest (= 3.0.0-alpha.1)
  - Mockingjay/Core (3.0.0-alpha.1):
    - URITemplate (~> 3.0)
  - Mockingjay/XCTest (3.0.0-alpha.1):
    - Mockingjay/Core
  - SwiftLocation (5.0.3)
  - URITemplate (3.0.0)

DEPENDENCIES:
  - Mockingjay (~> 3.0.0-alpha.1)
  - SwiftLocation (~> 5.0)

SPEC REPOS:
  trunk:
    - Mockingjay
    - SwiftLocation
    - URITemplate

SPEC CHECKSUMS:
  Mockingjay: 0f7c5aa49c7f1b95621cee3c79b557141f5a225c
  SwiftLocation: bb31568141be88499a6d15b9dcd5d6bfea113a3b
  URITemplate: 58e0d47f967006c5d59888af5356c4a8ed3b197d

PODFILE CHECKSUM: 5b408dcbb856603d41f33c7bf9fa9b3e0755dfc8

COCOAPODS: 1.10.0
